// !$*UTF8*$!
{
	archiveVersion = 1;
	classes = {
	};
	objectVersion = 77;
	objects = {

/* Begin PBXContainerItemProxy section */
		BC797D882D0BE1D200A217D3 /* PBXContainerItemProxy */ = {
			isa = PBXContainerItemProxy;
			containerPortal = BC797D6F2D0BE1D000A217D3 /* Project object */;
			proxyType = 1;
			remoteGlobalIDString = BC797D762D0BE1D000A217D3;
			remoteInfo = SampleRestrictedFileAccess;
		};
		BC797D922D0BE1D200A217D3 /* PBXContainerItemProxy */ = {
			isa = PBXContainerItemProxy;
			containerPortal = BC797D6F2D0BE1D000A217D3 /* Project object */;
			proxyType = 1;
			remoteGlobalIDString = BC797D762D0BE1D000A217D3;
			remoteInfo = SampleRestrictedFileAccess;
		};
/* End PBXContainerItemProxy section */

/* Begin PBXFileReference section */
		BC797D772D0BE1D000A217D3 /* SampleRestrictedFileAccess.app */ = {isa = PBXFileReference; explicitFileType = wrapper.application; includeInIndex = 0; path = SampleRestrictedFileAccess.app; sourceTree = BUILT_PRODUCTS_DIR; };
		BC797D872D0BE1D200A217D3 /* SampleRestrictedFileAccessTests.xctest */ = {isa = PBXFileReference; explicitFileType = wrapper.cfbundle; includeInIndex = 0; path = SampleRestrictedFileAccessTests.xctest; sourceTree = BUILT_PRODUCTS_DIR; };
		BC797D912D0BE1D200A217D3 /* SampleRestrictedFileAccessUITests.xctest */ = {isa = PBXFileReference; explicitFileType = wrapper.cfbundle; includeInIndex = 0; path = SampleRestrictedFileAccessUITests.xctest; sourceTree = BUILT_PRODUCTS_DIR; };
/* End PBXFileReference section */

/* Begin PBXFileSystemSynchronizedRootGroup section */
		BC797D792D0BE1D000A217D3 /* SampleRestrictedFileAccess */ = {
			isa = PBXFileSystemSynchronizedRootGroup;
			path = SampleRestrictedFileAccess;
			sourceTree = "<group>";
		};
		BC797D8A2D0BE1D200A217D3 /* SampleRestrictedFileAccessTests */ = {
			isa = PBXFileSystemSynchronizedRootGroup;
			path = SampleRestrictedFileAccessTests;
			sourceTree = "<group>";
		};
		BC797D942D0BE1D200A217D3 /* SampleRestrictedFileAccessUITests */ = {
			isa = PBXFileSystemSynchronizedRootGroup;
			path = SampleRestrictedFileAccessUITests;
			sourceTree = "<group>";
		};
/* End PBXFileSystemSynchronizedRootGroup section */

/* Begin PBXFrameworksBuildPhase section */
		BC797D742D0BE1D000A217D3 /* Frameworks */ = {
			isa = PBXFrameworksBuildPhase;
			buildActionMask = 2147483647;
			files = (
			);
			runOnlyForDeploymentPostprocessing = 0;
		};
		BC797D842D0BE1D200A217D3 /* Frameworks */ = {
			isa = PBXFrameworksBuildPhase;
			buildActionMask = 2147483647;
			files = (
			);
			runOnlyForDeploymentPostprocessing = 0;
		};
		BC797D8E2D0BE1D200A217D3 /* Frameworks */ = {
			isa = PBXFrameworksBuildPhase;
			buildActionMask = 2147483647;
			files = (
			);
			runOnlyForDeploymentPostprocessing = 0;
		};
/* End PBXFrameworksBuildPhase section */

/* Begin PBXGroup section */
		BC797D6E2D0BE1D000A217D3 = {
			isa = PBXGroup;
			children = (
				BC797D792D0BE1D000A217D3 /* SampleRestrictedFileAccess */,
				BC797D8A2D0BE1D200A217D3 /* SampleRestrictedFileAccessTests */,
				BC797D942D0BE1D200A217D3 /* SampleRestrictedFileAccessUITests */,
				BC797D782D0BE1D000A217D3 /* Products */,
			);
			sourceTree = "<group>";
		};
		BC797D782D0BE1D000A217D3 /* Products */ = {
			isa = PBXGroup;
			children = (
				BC797D772D0BE1D000A217D3 /* SampleRestrictedFileAccess.app */,
				BC797D872D0BE1D200A217D3 /* SampleRestrictedFileAccessTests.xctest */,
				BC797D912D0BE1D200A217D3 /* SampleRestrictedFileAccessUITests.xctest */,
			);
			name = Products;
			sourceTree = "<group>";
		};
/* End PBXGroup section */

/* Begin PBXNativeTarget section */
		BC797D762D0BE1D000A217D3 /* SampleRestrictedFileAccess */ = {
			isa = PBXNativeTarget;
			buildConfigurationList = BC797D9B2D0BE1D200A217D3 /* Build configuration list for PBXNativeTarget "SampleRestrictedFileAccess" */;
			buildPhases = (
				BC797D732D0BE1D000A217D3 /* Sources */,
				BC797D742D0BE1D000A217D3 /* Frameworks */,
				BC797D752D0BE1D000A217D3 /* Resources */,
			);
			buildRules = (
			);
			dependencies = (
				BC9FE8052D0BE83C0029BE11 /* PBXTargetDependency */,
			);
			fileSystemSynchronizedGroups = (
				BC797D792D0BE1D000A217D3 /* SampleRestrictedFileAccess */,
			);
			name = SampleRestrictedFileAccess;
			packageProductDependencies = (
			);
			productName = SampleRestrictedFileAccess;
			productReference = BC797D772D0BE1D000A217D3 /* SampleRestrictedFileAccess.app */;
			productType = "com.apple.product-type.application";
		};
		BC797D862D0BE1D200A217D3 /* SampleRestrictedFileAccessTests */ = {
			isa = PBXNativeTarget;
			buildConfigurationList = BC797D9E2D0BE1D200A217D3 /* Build configuration list for PBXNativeTarget "SampleRestrictedFileAccessTests" */;
			buildPhases = (
				BC797D832D0BE1D200A217D3 /* Sources */,
				BC797D842D0BE1D200A217D3 /* Frameworks */,
				BC797D852D0BE1D200A217D3 /* Resources */,
			);
			buildRules = (
			);
			dependencies = (
				BC797D892D0BE1D200A217D3 /* PBXTargetDependency */,
			);
			fileSystemSynchronizedGroups = (
				BC797D8A2D0BE1D200A217D3 /* SampleRestrictedFileAccessTests */,
			);
			name = SampleRestrictedFileAccessTests;
			packageProductDependencies = (
			);
			productName = SampleRestrictedFileAccessTests;
			productReference = BC797D872D0BE1D200A217D3 /* SampleRestrictedFileAccessTests.xctest */;
			productType = "com.apple.product-type.bundle.unit-test";
		};
		BC797D902D0BE1D200A217D3 /* SampleRestrictedFileAccessUITests */ = {
			isa = PBXNativeTarget;
			buildConfigurationList = BC797DA12D0BE1D200A217D3 /* Build configuration list for PBXNativeTarget "SampleRestrictedFileAccessUITests" */;
			buildPhases = (
				BC797D8D2D0BE1D200A217D3 /* Sources */,
				BC797D8E2D0BE1D200A217D3 /* Frameworks */,
				BC797D8F2D0BE1D200A217D3 /* Resources */,
			);
			buildRules = (
			);
			dependencies = (
				BC797D932D0BE1D200A217D3 /* PBXTargetDependency */,
			);
			fileSystemSynchronizedGroups = (
				BC797D942D0BE1D200A217D3 /* SampleRestrictedFileAccessUITests */,
			);
			name = SampleRestrictedFileAccessUITests;
			packageProductDependencies = (
			);
			productName = SampleRestrictedFileAccessUITests;
			productReference = BC797D912D0BE1D200A217D3 /* SampleRestrictedFileAccessUITests.xctest */;
			productType = "com.apple.product-type.bundle.ui-testing";
		};
/* End PBXNativeTarget section */

/* Begin PBXProject section */
		BC797D6F2D0BE1D000A217D3 /* Project object */ = {
			isa = PBXProject;
			attributes = {
				BuildIndependentTargetsInParallel = 1;
				LastSwiftUpdateCheck = 1610;
				LastUpgradeCheck = 1610;
				TargetAttributes = {
					BC797D762D0BE1D000A217D3 = {
						CreatedOnToolsVersion = 16.1;
					};
					BC797D862D0BE1D200A217D3 = {
						CreatedOnToolsVersion = 16.1;
						TestTargetID = BC797D762D0BE1D000A217D3;
					};
					BC797D902D0BE1D200A217D3 = {
						CreatedOnToolsVersion = 16.1;
						TestTargetID = BC797D762D0BE1D000A217D3;
					};
				};
			};
			buildConfigurationList = BC797D722D0BE1D000A217D3 /* Build configuration list for PBXProject "SampleRestrictedFileAccess" */;
			developmentRegion = en;
			hasScannedForEncodings = 0;
			knownRegions = (
				en,
				Base,
			);
			mainGroup = BC797D6E2D0BE1D000A217D3;
			minimizedProjectReferenceProxies = 1;
			packageReferences = (
				BC9FE8032D0BE8220029BE11 /* XCRemoteSwiftPackageReference "SwiftLint" */,
			);
			preferredProjectObjectVersion = 77;
			productRefGroup = BC797D782D0BE1D000A217D3 /* Products */;
			projectDirPath = "";
			projectRoot = "";
			targets = (
				BC797D762D0BE1D000A217D3 /* SampleRestrictedFileAccess */,
				BC797D862D0BE1D200A217D3 /* SampleRestrictedFileAccessTests */,
				BC797D902D0BE1D200A217D3 /* SampleRestrictedFileAccessUITests */,
			);
		};
/* End PBXProject section */

/* Begin PBXResourcesBuildPhase section */
		BC797D752D0BE1D000A217D3 /* Resources */ = {
			isa = PBXResourcesBuildPhase;
			buildActionMask = 2147483647;
			files = (
			);
			runOnlyForDeploymentPostprocessing = 0;
		};
		BC797D852D0BE1D200A217D3 /* Resources */ = {
			isa = PBXResourcesBuildPhase;
			buildActionMask = 2147483647;
			files = (
			);
			runOnlyForDeploymentPostprocessing = 0;
		};
		BC797D8F2D0BE1D200A217D3 /* Resources */ = {
			isa = PBXResourcesBuildPhase;
			buildActionMask = 2147483647;
			files = (
			);
			runOnlyForDeploymentPostprocessing = 0;
		};
/* End PBXResourcesBuildPhase section */

/* Begin PBXSourcesBuildPhase section */
		BC797D732D0BE1D000A217D3 /* Sources */ = {
			isa = PBXSourcesBuildPhase;
			buildActionMask = 2147483647;
			files = (
			);
			runOnlyForDeploymentPostprocessing = 0;
		};
		BC797D832D0BE1D200A217D3 /* Sources */ = {
			isa = PBXSourcesBuildPhase;
			buildActionMask = 2147483647;
			files = (
			);
			runOnlyForDeploymentPostprocessing = 0;
		};
		BC797D8D2D0BE1D200A217D3 /* Sources */ = {
			isa = PBXSourcesBuildPhase;
			buildActionMask = 2147483647;
			files = (
			);
			runOnlyForDeploymentPostprocessing = 0;
		};
/* End PBXSourcesBuildPhase section */

/* Begin PBXTargetDependency section */
		BC797D892D0BE1D200A217D3 /* PBXTargetDependency */ = {
			isa = PBXTargetDependency;
			target = BC797D762D0BE1D000A217D3 /* SampleRestrictedFileAccess */;
			targetProxy = BC797D882D0BE1D200A217D3 /* PBXContainerItemProxy */;
		};
		BC797D932D0BE1D200A217D3 /* PBXTargetDependency */ = {
			isa = PBXTargetDependency;
			target = BC797D762D0BE1D000A217D3 /* SampleRestrictedFileAccess */;
			targetProxy = BC797D922D0BE1D200A217D3 /* PBXContainerItemProxy */;
		};
		BC9FE8052D0BE83C0029BE11 /* PBXTargetDependency */ = {
			isa = PBXTargetDependency;
			productRef = BC9FE8042D0BE83C0029BE11 /* SwiftLintBuildToolPlugin */;
		};
/* End PBXTargetDependency section */

/* Begin XCBuildConfiguration section */
		BC797D992D0BE1D200A217D3 /* Debug */ = {
			isa = XCBuildConfiguration;
			buildSettings = {
				ALWAYS_SEARCH_USER_PATHS = NO;
				ASSETCATALOG_COMPILER_GENERATE_SWIFT_ASSET_SYMBOL_EXTENSIONS = YES;
				CLANG_ANALYZER_NONNULL = YES;
				CLANG_ANALYZER_NUMBER_OBJECT_CONVERSION = YES_AGGRESSIVE;
				CLANG_CXX_LANGUAGE_STANDARD = "gnu++20";
				CLANG_ENABLE_MODULES = YES;
				CLANG_ENABLE_OBJC_ARC = YES;
				CLANG_ENABLE_OBJC_WEAK = YES;
				CLANG_WARN_BLOCK_CAPTURE_AUTORELEASING = YES;
				CLANG_WARN_BOOL_CONVERSION = YES;
				CLANG_WARN_COMMA = YES;
				CLANG_WARN_CONSTANT_CONVERSION = YES;
				CLANG_WARN_DEPRECATED_OBJC_IMPLEMENTATIONS = YES;
				CLANG_WARN_DIRECT_OBJC_ISA_USAGE = YES_ERROR;
				CLANG_WARN_DOCUMENTATION_COMMENTS = YES;
				CLANG_WARN_EMPTY_BODY = YES;
				CLANG_WARN_ENUM_CONVERSION = YES;
				CLANG_WARN_INFINITE_RECURSION = YES;
				CLANG_WARN_INT_CONVERSION = YES;
				CLANG_WARN_NON_LITERAL_NULL_CONVERSION = YES;
				CLANG_WARN_OBJC_IMPLICIT_RETAIN_SELF = YES;
				CLANG_WARN_OBJC_LITERAL_CONVERSION = YES;
				CLANG_WARN_OBJC_ROOT_CLASS = YES_ERROR;
				CLANG_WARN_QUOTED_INCLUDE_IN_FRAMEWORK_HEADER = YES;
				CLANG_WARN_RANGE_LOOP_ANALYSIS = YES;
				CLANG_WARN_STRICT_PROTOTYPES = YES;
				CLANG_WARN_SUSPICIOUS_MOVE = YES;
				CLANG_WARN_UNGUARDED_AVAILABILITY = YES_AGGRESSIVE;
				CLANG_WARN_UNREACHABLE_CODE = YES;
				CLANG_WARN__DUPLICATE_METHOD_MATCH = YES;
				COPY_PHASE_STRIP = NO;
				DEBUG_INFORMATION_FORMAT = dwarf;
				ENABLE_STRICT_OBJC_MSGSEND = YES;
				ENABLE_TESTABILITY = YES;
				ENABLE_USER_SCRIPT_SANDBOXING = YES;
				GCC_C_LANGUAGE_STANDARD = gnu17;
				GCC_DYNAMIC_NO_PIC = NO;
				GCC_NO_COMMON_BLOCKS = YES;
				GCC_OPTIMIZATION_LEVEL = 0;
				GCC_PREPROCESSOR_DEFINITIONS = (
					"DEBUG=1",
					"$(inherited)",
				);
				GCC_WARN_64_TO_32_BIT_CONVERSION = YES;
				GCC_WARN_ABOUT_RETURN_TYPE = YES_ERROR;
				GCC_WARN_UNDECLARED_SELECTOR = YES;
				GCC_WARN_UNINITIALIZED_AUTOS = YES_AGGRESSIVE;
				GCC_WARN_UNUSED_FUNCTION = YES;
				GCC_WARN_UNUSED_VARIABLE = YES;
				IPHONEOS_DEPLOYMENT_TARGET = 18.1;
				LOCALIZATION_PREFERS_STRING_CATALOGS = YES;
				MTL_ENABLE_DEBUG_INFO = INCLUDE_SOURCE;
				MTL_FAST_MATH = YES;
				ONLY_ACTIVE_ARCH = YES;
				SDKROOT = iphoneos;
				SWIFT_ACTIVE_COMPILATION_CONDITIONS = "DEBUG $(inherited)";
				SWIFT_OPTIMIZATION_LEVEL = "-Onone";
			};
			name = Debug;
		};
		BC797D9A2D0BE1D200A217D3 /* Release */ = {
			isa = XCBuildConfiguration;
			buildSettings = {
				ALWAYS_SEARCH_USER_PATHS = NO;
				ASSETCATALOG_COMPILER_GENERATE_SWIFT_ASSET_SYMBOL_EXTENSIONS = YES;
				CLANG_ANALYZER_NONNULL = YES;
				CLANG_ANALYZER_NUMBER_OBJECT_CONVERSION = YES_AGGRESSIVE;
				CLANG_CXX_LANGUAGE_STANDARD = "gnu++20";
				CLANG_ENABLE_MODULES = YES;
				CLANG_ENABLE_OBJC_ARC = YES;
				CLANG_ENABLE_OBJC_WEAK = YES;
				CLANG_WARN_BLOCK_CAPTURE_AUTORELEASING = YES;
				CLANG_WARN_BOOL_CONVERSION = YES;
				CLANG_WARN_COMMA = YES;
				CLANG_WARN_CONSTANT_CONVERSION = YES;
				CLANG_WARN_DEPRECATED_OBJC_IMPLEMENTATIONS = YES;
				CLANG_WARN_DIRECT_OBJC_ISA_USAGE = YES_ERROR;
				CLANG_WARN_DOCUMENTATION_COMMENTS = YES;
				CLANG_WARN_EMPTY_BODY = YES;
				CLANG_WARN_ENUM_CONVERSION = YES;
				CLANG_WARN_INFINITE_RECURSION = YES;
				CLANG_WARN_INT_CONVERSION = YES;
				CLANG_WARN_NON_LITERAL_NULL_CONVERSION = YES;
				CLANG_WARN_OBJC_IMPLICIT_RETAIN_SELF = YES;
				CLANG_WARN_OBJC_LITERAL_CONVERSION = YES;
				CLANG_WARN_OBJC_ROOT_CLASS = YES_ERROR;
				CLANG_WARN_QUOTED_INCLUDE_IN_FRAMEWORK_HEADER = YES;
				CLANG_WARN_RANGE_LOOP_ANALYSIS = YES;
				CLANG_WARN_STRICT_PROTOTYPES = YES;
				CLANG_WARN_SUSPICIOUS_MOVE = YES;
				CLANG_WARN_UNGUARDED_AVAILABILITY = YES_AGGRESSIVE;
				CLANG_WARN_UNREACHABLE_CODE = YES;
				CLANG_WARN__DUPLICATE_METHOD_MATCH = YES;
				COPY_PHASE_STRIP = NO;
				DEBUG_INFORMATION_FORMAT = "dwarf-with-dsym";
				ENABLE_NS_ASSERTIONS = NO;
				ENABLE_STRICT_OBJC_MSGSEND = YES;
				ENABLE_USER_SCRIPT_SANDBOXING = YES;
				GCC_C_LANGUAGE_STANDARD = gnu17;
				GCC_NO_COMMON_BLOCKS = YES;
				GCC_WARN_64_TO_32_BIT_CONVERSION = YES;
				GCC_WARN_ABOUT_RETURN_TYPE = YES_ERROR;
				GCC_WARN_UNDECLARED_SELECTOR = YES;
				GCC_WARN_UNINITIALIZED_AUTOS = YES_AGGRESSIVE;
				GCC_WARN_UNUSED_FUNCTION = YES;
				GCC_WARN_UNUSED_VARIABLE = YES;
				IPHONEOS_DEPLOYMENT_TARGET = 18.1;
				LOCALIZATION_PREFERS_STRING_CATALOGS = YES;
				MTL_ENABLE_DEBUG_INFO = NO;
				MTL_FAST_MATH = YES;
				SDKROOT = iphoneos;
				SWIFT_COMPILATION_MODE = wholemodule;
				VALIDATE_PRODUCT = YES;
			};
			name = Release;
		};
		BC797D9C2D0BE1D200A217D3 /* Debug */ = {
			isa = XCBuildConfiguration;
			buildSettings = {
				ASSETCATALOG_COMPILER_APPICON_NAME = AppIcon;
				ASSETCATALOG_COMPILER_GLOBAL_ACCENT_COLOR_NAME = AccentColor;
				CODE_SIGN_STYLE = Automatic;
				CURRENT_PROJECT_VERSION = 1;
				DEVELOPMENT_ASSET_PATHS = "\"SampleRestrictedFileAccess/Preview Content\"";
				ENABLE_PREVIEWS = YES;
				GENERATE_INFOPLIST_FILE = YES;
				INFOPLIST_KEY_UIApplicationSceneManifest_Generation = YES;
				INFOPLIST_KEY_UIApplicationSupportsIndirectInputEvents = YES;
				INFOPLIST_KEY_UILaunchScreen_Generation = YES;
				INFOPLIST_KEY_UISupportedInterfaceOrientations_iPad = "UIInterfaceOrientationPortrait UIInterfaceOrientationPortraitUpsideDown UIInterfaceOrientationLandscapeLeft UIInterfaceOrientationLandscapeRight";
				INFOPLIST_KEY_UISupportedInterfaceOrientations_iPhone = "UIInterfaceOrientationPortrait UIInterfaceOrientationLandscapeLeft UIInterfaceOrientationLandscapeRight";
				LD_RUNPATH_SEARCH_PATHS = (
					"$(inherited)",
					"@executable_path/Frameworks",
				);
				MARKETING_VERSION = 1.0;
				PRODUCT_BUNDLE_IDENTIFIER = com.example.SampleRestrictedFileAccess;
				PRODUCT_NAME = "$(TARGET_NAME)";
				SWIFT_EMIT_LOC_STRINGS = YES;
				SWIFT_VERSION = 5.0;
				TARGETED_DEVICE_FAMILY = "1,2";
			};
			name = Debug;
		};
		BC797D9D2D0BE1D200A217D3 /* Release */ = {
			isa = XCBuildConfiguration;
			buildSettings = {
				ASSETCATALOG_COMPILER_APPICON_NAME = AppIcon;
				ASSETCATALOG_COMPILER_GLOBAL_ACCENT_COLOR_NAME = AccentColor;
				CODE_SIGN_STYLE = Automatic;
				CURRENT_PROJECT_VERSION = 1;
				DEVELOPMENT_ASSET_PATHS = "\"SampleRestrictedFileAccess/Preview Content\"";
				ENABLE_PREVIEWS = YES;
				GENERATE_INFOPLIST_FILE = YES;
				INFOPLIST_KEY_UIApplicationSceneManifest_Generation = YES;
				INFOPLIST_KEY_UIApplicationSupportsIndirectInputEvents = YES;
				INFOPLIST_KEY_UILaunchScreen_Generation = YES;
				INFOPLIST_KEY_UISupportedInterfaceOrientations_iPad = "UIInterfaceOrientationPortrait UIInterfaceOrientationPortraitUpsideDown UIInterfaceOrientationLandscapeLeft UIInterfaceOrientationLandscapeRight";
				INFOPLIST_KEY_UISupportedInterfaceOrientations_iPhone = "UIInterfaceOrientationPortrait UIInterfaceOrientationLandscapeLeft UIInterfaceOrientationLandscapeRight";
				LD_RUNPATH_SEARCH_PATHS = (
					"$(inherited)",
					"@executable_path/Frameworks",
				);
				MARKETING_VERSION = 1.0;
				PRODUCT_BUNDLE_IDENTIFIER = com.example.SampleRestrictedFileAccess;
				PRODUCT_NAME = "$(TARGET_NAME)";
				SWIFT_EMIT_LOC_STRINGS = YES;
				SWIFT_VERSION = 5.0;
				TARGETED_DEVICE_FAMILY = "1,2";
			};
			name = Release;
		};
		BC797D9F2D0BE1D200A217D3 /* Debug */ = {
			isa = XCBuildConfiguration;
			buildSettings = {
				BUNDLE_LOADER = "$(TEST_HOST)";
				CODE_SIGN_STYLE = Automatic;
				CURRENT_PROJECT_VERSION = 1;
				GENERATE_INFOPLIST_FILE = YES;
				IPHONEOS_DEPLOYMENT_TARGET = 18.1;
				MARKETING_VERSION = 1.0;
				PRODUCT_BUNDLE_IDENTIFIER = com.example.SampleRestrictedFileAccessTests;
				PRODUCT_NAME = "$(TARGET_NAME)";
				SWIFT_EMIT_LOC_STRINGS = NO;
				SWIFT_VERSION = 5.0;
				TARGETED_DEVICE_FAMILY = "1,2";
				TEST_HOST = "$(BUILT_PRODUCTS_DIR)/SampleRestrictedFileAccess.app/$(BUNDLE_EXECUTABLE_FOLDER_PATH)/SampleRestrictedFileAccess";
			};
			name = Debug;
		};
		BC797DA02D0BE1D200A217D3 /* Release */ = {
			isa = XCBuildConfiguration;
			buildSettings = {
				BUNDLE_LOADER = "$(TEST_HOST)";
				CODE_SIGN_STYLE = Automatic;
				CURRENT_PROJECT_VERSION = 1;
				GENERATE_INFOPLIST_FILE = YES;
				IPHONEOS_DEPLOYMENT_TARGET = 18.1;
				MARKETING_VERSION = 1.0;
				PRODUCT_BUNDLE_IDENTIFIER = com.example.SampleRestrictedFileAccessTests;
				PRODUCT_NAME = "$(TARGET_NAME)";
				SWIFT_EMIT_LOC_STRINGS = NO;
				SWIFT_VERSION = 5.0;
				TARGETED_DEVICE_FAMILY = "1,2";
				TEST_HOST = "$(BUILT_PRODUCTS_DIR)/SampleRestrictedFileAccess.app/$(BUNDLE_EXECUTABLE_FOLDER_PATH)/SampleRestrictedFileAccess";
			};
			name = Release;
		};
		BC797DA22D0BE1D200A217D3 /* Debug */ = {
			isa = XCBuildConfiguration;
			buildSettings = {
				CODE_SIGN_STYLE = Automatic;
				CURRENT_PROJECT_VERSION = 1;
				GENERATE_INFOPLIST_FILE = YES;
				MARKETING_VERSION = 1.0;
				PRODUCT_BUNDLE_IDENTIFIER = com.example.SampleRestrictedFileAccessUITests;
				PRODUCT_NAME = "$(TARGET_NAME)";
				SWIFT_EMIT_LOC_STRINGS = NO;
				SWIFT_VERSION = 5.0;
				TARGETED_DEVICE_FAMILY = "1,2";
				TEST_TARGET_NAME = SampleRestrictedFileAccess;
			};
			name = Debug;
		};
		BC797DA32D0BE1D200A217D3 /* Release */ = {
			isa = XCBuildConfiguration;
			buildSettings = {
				CODE_SIGN_STYLE = Automatic;
				CURRENT_PROJECT_VERSION = 1;
				GENERATE_INFOPLIST_FILE = YES;
				MARKETING_VERSION = 1.0;
				PRODUCT_BUNDLE_IDENTIFIER = com.example.SampleRestrictedFileAccessUITests;
				PRODUCT_NAME = "$(TARGET_NAME)";
				SWIFT_EMIT_LOC_STRINGS = NO;
				SWIFT_VERSION = 5.0;
				TARGETED_DEVICE_FAMILY = "1,2";
				TEST_TARGET_NAME = SampleRestrictedFileAccess;
			};
			name = Release;
		};
/* End XCBuildConfiguration section */

/* Begin XCConfigurationList section */
		BC797D722D0BE1D000A217D3 /* Build configuration list for PBXProject "SampleRestrictedFileAccess" */ = {
			isa = XCConfigurationList;
			buildConfigurations = (
				BC797D992D0BE1D200A217D3 /* Debug */,
				BC797D9A2D0BE1D200A217D3 /* Release */,
			);
			defaultConfigurationIsVisible = 0;
			defaultConfigurationName = Release;
		};
		BC797D9B2D0BE1D200A217D3 /* Build configuration list for PBXNativeTarget "SampleRestrictedFileAccess" */ = {
			isa = XCConfigurationList;
			buildConfigurations = (
				BC797D9C2D0BE1D200A217D3 /* Debug */,
				BC797D9D2D0BE1D200A217D3 /* Release */,
			);
			defaultConfigurationIsVisible = 0;
			defaultConfigurationName = Release;
		};
		BC797D9E2D0BE1D200A217D3 /* Build configuration list for PBXNativeTarget "SampleRestrictedFileAccessTests" */ = {
			isa = XCConfigurationList;
			buildConfigurations = (
				BC797D9F2D0BE1D200A217D3 /* Debug */,
				BC797DA02D0BE1D200A217D3 /* Release */,
			);
			defaultConfigurationIsVisible = 0;
			defaultConfigurationName = Release;
		};
		BC797DA12D0BE1D200A217D3 /* Build configuration list for PBXNativeTarget "SampleRestrictedFileAccessUITests" */ = {
			isa = XCConfigurationList;
			buildConfigurations = (
				BC797DA22D0BE1D200A217D3 /* Debug */,
				BC797DA32D0BE1D200A217D3 /* Release */,
			);
			defaultConfigurationIsVisible = 0;
			defaultConfigurationName = Release;
		};
/* End XCConfigurationList section */

/* Begin XCRemoteSwiftPackageReference section */
		BC9FE8032D0BE8220029BE11 /* XCRemoteSwiftPackageReference "SwiftLint" */ = {
			isa = XCRemoteSwiftPackageReference;
			repositoryURL = "https://github.com/realm/SwiftLint.git";
			requirement = {
				kind = upToNextMajorVersion;
				minimumVersion = 0.57.1;
			};
		};
/* End XCRemoteSwiftPackageReference section */

/* Begin XCSwiftPackageProductDependency section */
		BC9FE8042D0BE83C0029BE11 /* SwiftLintBuildToolPlugin */ = {
			isa = XCSwiftPackageProductDependency;
			package = BC9FE8032D0BE8220029BE11 /* XCRemoteSwiftPackageReference "SwiftLint" */;
			productName = "plugin:SwiftLintBuildToolPlugin";
		};
/* End XCSwiftPackageProductDependency section */
	};
	rootObject = BC797D6F2D0BE1D000A217D3 /* Project object */;
}
